dependencies:
- name: postgres-database
  repository: oci://ghcr.io/hauke-cloud/charts
  version: 0.0.1
- name: matrix-stack
  repository: oci://ghcr.io/element-hq/ess-helm
  version: 25.10.1
digest: sha256:3c5d40c86c0020822d79c5ac36a6fa399de8f1e86bc62fc26d5da8f36c51cd90
generated: "2025-10-15T20:08:37.941764933+02:00"
